[[package]]
name = "pyfiglet"
version = "0.8.post1"
description = "Pure-python FIGlet implementation"
category = "main"
optional = false
python-versions = "*"

[[package]]
name = "simple-term-menu"
version = "1.5.0"
description = "A Python package which creates simple interactive menus on the command line."
category = "main"
optional = false
python-versions = "~=3.5"

[metadata]
lock-version = "1.1"
python-versions = "^3.10"
content-hash = "b5c1ee295e894babb483d42afc49906428de71cd9af12f756d7cdbb22f8bc36a"

[metadata.files]
pyfiglet = [
    {file = "pyfiglet-0.8.post1-py2.py3-none-any.whl", hash = "sha256:d555bcea17fbeaf70eaefa48bb119352487e629c9b56f30f383e2c62dd67a01c"},
    {file = "pyfiglet-0.8.post1.tar.gz", hash = "sha256:c6c2321755d09267b438ec7b936825a4910fec696292139e664ca8670e103639"},
]
simple-term-menu = [
    {file = "simple-term-menu-1.5.0.tar.gz", hash = "sha256:bd019c4e2e54ac9a6d1abef32910b45f72257519736497a5a7975aca3c406554"},
    {file = "simple_term_menu-1.5.0-py3-none-any.whl", hash = "sha256:3b8b1b155716c2490547836893ad480126cfc2bc84303eae5e22a7b65b746b40"},
]
